
Microsoft Visual Studio Solution File, Format Version 12.00
# Visual Studio Version 17
VisualStudioVersion = 17.14.36310.24 d17.14
MinimumVisualStudioVersion = 10.0.40219.1
Project("{FAE04EC0-301F-11D3-BF4B-00C04F79EFBC}") = "pacman", "pacman\pacman.csproj", "{88CF4565-A136-417D-8AFB-F0B286CDDB3E}"
EndProject
Global
	GlobalSection(SolutionConfigurationPlatforms) = preSolution
		Debug|Any CPU = Debug|Any CPU
		Release|Any CPU = Release|Any CPU
	EndGlobalSection
	GlobalSection(ProjectConfigurationPlatforms) = postSolution
		{88CF4565-A136-417D-8AFB-F0B286CDDB3E}.Debug|Any CPU.ActiveCfg = Debug|Any CPU
		{88CF4565-A136-417D-8AFB-F0B286CDDB3E}.Debug|Any CPU.Build.0 = Debug|Any CPU
		{88CF4565-A136-417D-8AFB-F0B286CDDB3E}.Release|Any CPU.ActiveCfg = Release|Any CPU
		{88CF4565-A136-417D-8AFB-F0B286CDDB3E}.Release|Any CPU.Build.0 = Release|Any CPU
	EndGlobalSection
	GlobalSection(SolutionProperties) = preSolution
		HideSolutionNode = FALSE
	EndGlobalSection
	GlobalSection(ExtensibilityGlobals) = postSolution
		SolutionGuid = {96EE79F5-7158-49CD-8DE7-9E2C1915E07D}
	EndGlobalSection
EndGlobal
